// !$*UTF8*$!
{
	archiveVersion = 1;
	classes = {
	};
	objectVersion = 46;
	objects = {

/* Begin PBXBuildFile section */
		23181F991A13CDAB00FC5372 /* main.m in Sources */ = {isa = PBXBuildFile; fileRef = 23181F981A13CDAB00FC5372 /* main.m */; };
		23181F9C1A13CDAB00FC5372 /* AppDelegate.m in Sources */ = {isa = PBXBuildFile; fileRef = 23181F9B1A13CDAB00FC5372 /* AppDelegate.m */; };
		23181F9F1A13CDAB00FC5372 /* ViewController.m in Sources */ = {isa = PBXBuildFile; fileRef = 23181F9E1A13CDAB00FC5372 /* ViewController.m */; };
		23181FA21A13CDAB00FC5372 /* Main.storyboard in Resources */ = {isa = PBXBuildFile; fileRef = 23181FA01A13CDAB00FC5372 /* Main.storyboard */; };
		23181FA41A13CDAB00FC5372 /* Images.xcassets in Resources */ = {isa = PBXBuildFile; fileRef = 23181FA31A13CDAB00FC5372 /* Images.xcassets */; };
		23181FA71A13CDAB00FC5372 /* LaunchScreen.xib in Resources */ = {isa = PBXBuildFile; fileRef = 23181FA51A13CDAB00FC5372 /* LaunchScreen.xib */; };
		23181FB31A13CDAB00FC5372 /* Test_App_3Tests.m in Sources */ = {isa = PBXBuildFile; fileRef = 23181FB21A13CDAB00FC5372 /* Test_App_3Tests.m */; };
		23181FBD1A13CFC600FC5372 /* AdSupport.framework in Frameworks */ = {isa = PBXBuildFile; fileRef = 23181FBC1A13CFC600FC5372 /* AdSupport.framework */; };
		23181FBF1A13CFD700FC5372 /* libz.dylib in Frameworks */ = {isa = PBXBuildFile; fileRef = 23181FBE1A13CFD700FC5372 /* libz.dylib */; };
		23181FC11A13CFE200FC5372 /* libsqlite3.dylib in Frameworks */ = {isa = PBXBuildFile; fileRef = 23181FC01A13CFE200FC5372 /* libsqlite3.dylib */; };
		23181FC31A13CFED00FC5372 /* SystemConfiguration.framework in Frameworks */ = {isa = PBXBuildFile; fileRef = 23181FC21A13CFED00FC5372 /* SystemConfiguration.framework */; };
		23181FC51A13D00B00FC5372 /* Leanplum.framework in Frameworks */ = {isa = PBXBuildFile; fileRef = 23181FC41A13D00B00FC5372 /* Leanplum.framework */; };
		23181FC71A13D02200FC5372 /* CFNetwork.framework in Frameworks */ = {isa = PBXBuildFile; fileRef = 23181FC61A13D02200FC5372 /* CFNetwork.framework */; };
		23181FC91A13D02A00FC5372 /* Security.framework in Frameworks */ = {isa = PBXBuildFile; fileRef = 23181FC81A13D02A00FC5372 /* Security.framework */; };
		23181FCB1A13D03200FC5372 /* StoreKit.framework in Frameworks */ = {isa = PBXBuildFile; fileRef = 23181FCA1A13D03200FC5372 /* StoreKit.framework */; };
		23181FCD1A13D1EC00FC5372 /* CoreLocation.framework in Frameworks */ = {isa = PBXBuildFile; fileRef = 23181FCC1A13D1EC00FC5372 /* CoreLocation.framework */; };
		23181FD11A13D3BA00FC5372 /* libLocalyticsAMP.a in Frameworks */ = {isa = PBXBuildFile; fileRef = 23181FCE1A13D3BA00FC5372 /* libLocalyticsAMP.a */; };
/* End PBXBuildFile section */

/* Begin PBXContainerItemProxy section */
		23181FAD1A13CDAB00FC5372 /* PBXContainerItemProxy */ = {
			isa = PBXContainerItemProxy;
			containerPortal = 23181F8B1A13CDAB00FC5372 /* Project object */;
			proxyType = 1;
			remoteGlobalIDString = 23181F921A13CDAB00FC5372;
			remoteInfo = "Test App 3";
		};
/* End PBXContainerItemProxy section */

/* Begin PBXFileReference section */
		23181F931A13CDAB00FC5372 /* Test App 3.app */ = {isa = PBXFileReference; explicitFileType = wrapper.application; includeInIndex = 0; path = "Test App 3.app"; sourceTree = BUILT_PRODUCTS_DIR; };
		23181F971A13CDAB00FC5372 /* Info.plist */ = {isa = PBXFileReference; lastKnownFileType = text.plist.xml; path = Info.plist; sourceTree = "<group>"; };
		23181F981A13CDAB00FC5372 /* main.m */ = {isa = PBXFileReference; lastKnownFileType = sourcecode.c.objc; path = main.m; sourceTree = "<group>"; };
		23181F9A1A13CDAB00FC5372 /* AppDelegate.h */ = {isa = PBXFileReference; lastKnownFileType = sourcecode.c.h; path = AppDelegate.h; sourceTree = "<group>"; };
		23181F9B1A13CDAB00FC5372 /* AppDelegate.m */ = {isa = PBXFileReference; lastKnownFileType = sourcecode.c.objc; path = AppDelegate.m; sourceTree = "<group>"; };
		23181F9D1A13CDAB00FC5372 /* ViewController.h */ = {isa = PBXFileReference; lastKnownFileType = sourcecode.c.h; path = ViewController.h; sourceTree = "<group>"; };
		23181F9E1A13CDAB00FC5372 /* ViewController.m */ = {isa = PBXFileReference; lastKnownFileType = sourcecode.c.objc; path = ViewController.m; sourceTree = "<group>"; };
		23181FA11A13CDAB00FC5372 /* Base */ = {isa = PBXFileReference; lastKnownFileType = file.storyboard; name = Base; path = Base.lproj/Main.storyboard; sourceTree = "<group>"; };
		23181FA31A13CDAB00FC5372 /* Images.xcassets */ = {isa = PBXFileReference; lastKnownFileType = folder.assetcatalog; path = Images.xcassets; sourceTree = "<group>"; };
		23181FA61A13CDAB00FC5372 /* Base */ = {isa = PBXFileReference; lastKnownFileType = file.xib; name = Base; path = Base.lproj/LaunchScreen.xib; sourceTree = "<group>"; };
		23181FAC1A13CDAB00FC5372 /* Test App 3Tests.xctest */ = {isa = PBXFileReference; explicitFileType = wrapper.cfbundle; includeInIndex = 0; path = "Test App 3Tests.xctest"; sourceTree = BUILT_PRODUCTS_DIR; };
		23181FB11A13CDAB00FC5372 /* Info.plist */ = {isa = PBXFileReference; lastKnownFileType = text.plist.xml; path = Info.plist; sourceTree = "<group>"; };
		23181FB21A13CDAB00FC5372 /* Test_App_3Tests.m */ = {isa = PBXFileReference; lastKnownFileType = sourcecode.c.objc; path = Test_App_3Tests.m; sourceTree = "<group>"; };
		23181FBC1A13CFC600FC5372 /* AdSupport.framework */ = {isa = PBXFileReference; lastKnownFileType = wrapper.framework; name = AdSupport.framework; path = System/Library/Frameworks/AdSupport.framework; sourceTree = SDKROOT; };
		23181FBE1A13CFD700FC5372 /* libz.dylib */ = {isa = PBXFileReference; lastKnownFileType = "compiled.mach-o.dylib"; name = libz.dylib; path = usr/lib/libz.dylib; sourceTree = SDKROOT; };
		23181FC01A13CFE200FC5372 /* libsqlite3.dylib */ = {isa = PBXFileReference; lastKnownFileType = "compiled.mach-o.dylib"; name = libsqlite3.dylib; path = usr/lib/libsqlite3.dylib; sourceTree = SDKROOT; };
		23181FC21A13CFED00FC5372 /* SystemConfiguration.framework */ = {isa = PBXFileReference; lastKnownFileType = wrapper.framework; name = SystemConfiguration.framework; path = System/Library/Frameworks/SystemConfiguration.framework; sourceTree = SDKROOT; };
		23181FC41A13D00B00FC5372 /* Leanplum.framework */ = {isa = PBXFileReference; lastKnownFileType = wrapper.framework; name = Leanplum.framework; path = "../../Downloads/Leanplum-1.2.17/Leanplum.framework"; sourceTree = "<group>"; };
		23181FC61A13D02200FC5372 /* CFNetwork.framework */ = {isa = PBXFileReference; lastKnownFileType = wrapper.framework; name = CFNetwork.framework; path = System/Library/Frameworks/CFNetwork.framework; sourceTree = SDKROOT; };
		23181FC81A13D02A00FC5372 /* Security.framework */ = {isa = PBXFileReference; lastKnownFileType = wrapper.framework; name = Security.framework; path = System/Library/Frameworks/Security.framework; sourceTree = SDKROOT; };
		23181FCA1A13D03200FC5372 /* StoreKit.framework */ = {isa = PBXFileReference; lastKnownFileType = wrapper.framework; name = StoreKit.framework; path = System/Library/Frameworks/StoreKit.framework; sourceTree = SDKROOT; };
		23181FCC1A13D1EC00FC5372 /* CoreLocation.framework */ = {isa = PBXFileReference; lastKnownFileType = wrapper.framework; name = CoreLocation.framework; path = System/Library/Frameworks/CoreLocation.framework; sourceTree = SDKROOT; };
		23181FCE1A13D3BA00FC5372 /* libLocalyticsAMP.a */ = {isa = PBXFileReference; lastKnownFileType = archive.ar; path = libLocalyticsAMP.a; sourceTree = "<group>"; };
		23181FCF1A13D3BA00FC5372 /* LocalyticsAmpSession.h */ = {isa = PBXFileReference; fileEncoding = 4; lastKnownFileType = sourcecode.c.h; path = LocalyticsAmpSession.h; sourceTree = "<group>"; };
		23181FD01A13D3BA00FC5372 /* LocalyticsSession.h */ = {isa = PBXFileReference; fileEncoding = 4; lastKnownFileType = sourcecode.c.h; path = LocalyticsSession.h; sourceTree = "<group>"; };
/* End PBXFileReference section */

/* Begin PBXFrameworksBuildPhase section */
		23181F901A13CDAB00FC5372 /* Frameworks */ = {
			isa = PBXFrameworksBuildPhase;
			buildActionMask = 2147483647;
			files = (
				23181FCD1A13D1EC00FC5372 /* CoreLocation.framework in Frameworks */,
				23181FCB1A13D03200FC5372 /* StoreKit.framework in Frameworks */,
				23181FC91A13D02A00FC5372 /* Security.framework in Frameworks */,
				23181FC71A13D02200FC5372 /* CFNetwork.framework in Frameworks */,
				23181FC31A13CFED00FC5372 /* SystemConfiguration.framework in Frameworks */,
				23181FC11A13CFE200FC5372 /* libsqlite3.dylib in Frameworks */,
				23181FBF1A13CFD700FC5372 /* libz.dylib in Frameworks */,
				23181FD11A13D3BA00FC5372 /* libLocalyticsAMP.a in Frameworks */,
				23181FBD1A13CFC600FC5372 /* AdSupport.framework in Frameworks */,
				23181FC51A13D00B00FC5372 /* Leanplum.framework in Frameworks */,
			);
			runOnlyForDeploymentPostprocessing = 0;
		};
		23181FA91A13CDAB00FC5372 /* Frameworks */ = {
			isa = PBXFrameworksBuildPhase;
			buildActionMask = 2147483647;
			files = (
			);
			runOnlyForDeploymentPostprocessing = 0;
		};
/* End PBXFrameworksBuildPhase section */

/* Begin PBXGroup section */
		23181F8A1A13CDAB00FC5372 = {
			isa = PBXGroup;
			children = (
				23181FCE1A13D3BA00FC5372 /* libLocalyticsAMP.a */,
				23181FCF1A13D3BA00FC5372 /* LocalyticsAmpSession.h */,
				23181FD01A13D3BA00FC5372 /* LocalyticsSession.h */,
				23181FCC1A13D1EC00FC5372 /* CoreLocation.framework */,
				23181FCA1A13D03200FC5372 /* StoreKit.framework */,
				23181FC81A13D02A00FC5372 /* Security.framework */,
				23181FC61A13D02200FC5372 /* CFNetwork.framework */,
				23181FC41A13D00B00FC5372 /* Leanplum.framework */,
				23181FC21A13CFED00FC5372 /* SystemConfiguration.framework */,
				23181FC01A13CFE200FC5372 /* libsqlite3.dylib */,
				23181FBE1A13CFD700FC5372 /* libz.dylib */,
				23181FBC1A13CFC600FC5372 /* AdSupport.framework */,
				23181F951A13CDAB00FC5372 /* Test App 3 */,
				23181FAF1A13CDAB00FC5372 /* Test App 3Tests */,
				23181F941A13CDAB00FC5372 /* Products */,
			);
			sourceTree = "<group>";
		};
		23181F941A13CDAB00FC5372 /* Products */ = {
			isa = PBXGroup;
			children = (
				23181F931A13CDAB00FC5372 /* Test App 3.app */,
				23181FAC1A13CDAB00FC5372 /* Test App 3Tests.xctest */,
			);
			name = Products;
			sourceTree = "<group>";
		};
		23181F951A13CDAB00FC5372 /* Test App 3 */ = {
			isa = PBXGroup;
			children = (
				23181F9A1A13CDAB00FC5372 /* AppDelegate.h */,
				23181F9B1A13CDAB00FC5372 /* AppDelegate.m */,
				23181F9D1A13CDAB00FC5372 /* ViewController.h */,
				23181F9E1A13CDAB00FC5372 /* ViewController.m */,
				23181FA01A13CDAB00FC5372 /* Main.storyboard */,
				23181FA31A13CDAB00FC5372 /* Images.xcassets */,
				23181FA51A13CDAB00FC5372 /* LaunchScreen.xib */,
				23181F961A13CDAB00FC5372 /* Supporting Files */,
			);
			path = "Test App 3";
			sourceTree = "<group>";
		};
		23181F961A13CDAB00FC5372 /* Supporting Files */ = {
			isa = PBXGroup;
			children = (
				23181F971A13CDAB00FC5372 /* Info.plist */,
				23181F981A13CDAB00FC5372 /* main.m */,
			);
			name = "Supporting Files";
			sourceTree = "<group>";
		};
		23181FAF1A13CDAB00FC5372 /* Test App 3Tests */ = {
			isa = PBXGroup;
			children = (
				23181FB21A13CDAB00FC5372 /* Test_App_3Tests.m */,
				23181FB01A13CDAB00FC5372 /* Supporting Files */,
			);
			path = "Test App 3Tests";
			sourceTree = "<group>";
		};
		23181FB01A13CDAB00FC5372 /* Supporting Files */ = {
			isa = PBXGroup;
			children = (
				23181FB11A13CDAB00FC5372 /* Info.plist */,
			);
			name = "Supporting Files";
			sourceTree = "<group>";
		};
/* End PBXGroup section */

/* Begin PBXNativeTarget section */
		23181F921A13CDAB00FC5372 /* Test App 3 */ = {
			isa = PBXNativeTarget;
			buildConfigurationList = 23181FB61A13CDAB00FC5372 /* Build configuration list for PBXNativeTarget "Test App 3" */;
			buildPhases = (
				23181F8F1A13CDAB00FC5372 /* Sources */,
				23181F901A13CDAB00FC5372 /* Frameworks */,
				23181F911A13CDAB00FC5372 /* Resources */,
			);
			buildRules = (
			);
			dependencies = (
			);
			name = "Test App 3";
			productName = "Test App 3";
			productReference = 23181F931A13CDAB00FC5372 /* Test App 3.app */;
			productType = "com.apple.product-type.application";
		};
		23181FAB1A13CDAB00FC5372 /* Test App 3Tests */ = {
			isa = PBXNativeTarget;
			buildConfigurationList = 23181FB91A13CDAB00FC5372 /* Build configuration list for PBXNativeTarget "Test App 3Tests" */;
			buildPhases = (
				23181FA81A13CDAB00FC5372 /* Sources */,
				23181FA91A13CDAB00FC5372 /* Frameworks */,
				23181FAA1A13CDAB00FC5372 /* Resources */,
			);
			buildRules = (
			);
			dependencies = (
				23181FAE1A13CDAB00FC5372 /* PBXTargetDependency */,
			);
			name = "Test App 3Tests";
			productName = "Test App 3Tests";
			productReference = 23181FAC1A13CDAB00FC5372 /* Test App 3Tests.xctest */;
			productType = "com.apple.product-type.bundle.unit-test";
		};
/* End PBXNativeTarget section */

/* Begin PBXProject section */
		23181F8B1A13CDAB00FC5372 /* Project object */ = {
			isa = PBXProject;
			attributes = {
				LastUpgradeCheck = 0610;
				ORGANIZATIONNAME = "Richard Sgro";
				TargetAttributes = {
					23181F921A13CDAB00FC5372 = {
						CreatedOnToolsVersion = 6.1;
					};
					23181FAB1A13CDAB00FC5372 = {
						CreatedOnToolsVersion = 6.1;
						TestTargetID = 23181F921A13CDAB00FC5372;
					};
				};
			};
			buildConfigurationList = 23181F8E1A13CDAB00FC5372 /* Build configuration list for PBXProject "Test App 3" */;
			compatibilityVersion = "Xcode 3.2";
			developmentRegion = English;
			hasScannedForEncodings = 0;
			knownRegions = (
				en,
				Base,
			);
			mainGroup = 23181F8A1A13CDAB00FC5372;
			productRefGroup = 23181F941A13CDAB00FC5372 /* Products */;
			projectDirPath = "";
			projectRoot = "";
			targets = (
				23181F921A13CDAB00FC5372 /* Test App 3 */,
				23181FAB1A13CDAB00FC5372 /* Test App 3Tests */,
			);
		};
/* End PBXProject section */

/* Begin PBXResourcesBuildPhase section */
		23181F911A13CDAB00FC5372 /* Resources */ = {
			isa = PBXResourcesBuildPhase;
			buildActionMask = 2147483647;
			files = (
				23181FA21A13CDAB00FC5372 /* Main.storyboard in Resources */,
				23181FA71A13CDAB00FC5372 /* LaunchScreen.xib in Resources */,
				23181FA41A13CDAB00FC5372 /* Images.xcassets in Resources */,
			);
			runOnlyForDeploymentPostprocessing = 0;
		};
		23181FAA1A13CDAB00FC5372 /* Resources */ = {
			isa = PBXResourcesBuildPhase;
			buildActionMask = 2147483647;
			files = (
			);
			runOnlyForDeploymentPostprocessing = 0;
		};
/* End PBXResourcesBuildPhase section */

/* Begin PBXSourcesBuildPhase section */
		23181F8F1A13CDAB00FC5372 /* Sources */ = {
			isa = PBXSourcesBuildPhase;
			buildActionMask = 2147483647;
			files = (
				23181F9F1A13CDAB00FC5372 /* ViewController.m in Sources */,
				23181F9C1A13CDAB00FC5372 /* AppDelegate.m in Sources */,
				23181F991A13CDAB00FC5372 /* main.m in Sources */,
			);
			runOnlyForDeploymentPostprocessing = 0;
		};
		23181FA81A13CDAB00FC5372 /* Sources */ = {
			isa = PBXSourcesBuildPhase;
			buildActionMask = 2147483647;
			files = (
				23181FB31A13CDAB00FC5372 /* Test_App_3Tests.m in Sources */,
			);
			runOnlyForDeploymentPostprocessing = 0;
		};
/* End PBXSourcesBuildPhase section */

/* Begin PBXTargetDependency section */
		23181FAE1A13CDAB00FC5372 /* PBXTargetDependency */ = {
			isa = PBXTargetDependency;
			target = 23181F921A13CDAB00FC5372 /* Test App 3 */;
			targetProxy = 23181FAD1A13CDAB00FC5372 /* PBXContainerItemProxy */;
		};
/* End PBXTargetDependency section */

/* Begin PBXVariantGroup section */
		23181FA01A13CDAB00FC5372 /* Main.storyboard */ = {
			isa = PBXVariantGroup;
			children = (
				23181FA11A13CDAB00FC5372 /* Base */,
			);
			name = Main.storyboard;
			sourceTree = "<group>";
		};
		23181FA51A13CDAB00FC5372 /* LaunchScreen.xib */ = {
			isa = PBXVariantGroup;
			children = (
				23181FA61A13CDAB00FC5372 /* Base */,
			);
			name = LaunchScreen.xib;
			sourceTree = "<group>";
		};
/* End PBXVariantGroup section */

/* Begin XCBuildConfiguration section */
		23181FB41A13CDAB00FC5372 /* Debug */ = {
			isa = XCBuildConfiguration;
			buildSettings = {
				ALWAYS_SEARCH_USER_PATHS = NO;
				CLANG_CXX_LANGUAGE_STANDARD = "gnu++0x";
				CLANG_CXX_LIBRARY = "libc++";
				CLANG_ENABLE_MODULES = YES;
				CLANG_ENABLE_OBJC_ARC = YES;
				CLANG_WARN_BOOL_CONVERSION = YES;
				CLANG_WARN_CONSTANT_CONVERSION = YES;
				CLANG_WARN_DIRECT_OBJC_ISA_USAGE = YES_ERROR;
				CLANG_WARN_EMPTY_BODY = YES;
				CLANG_WARN_ENUM_CONVERSION = YES;
				CLANG_WARN_INT_CONVERSION = YES;
				CLANG_WARN_OBJC_ROOT_CLASS = YES_ERROR;
				CLANG_WARN_UNREACHABLE_CODE = YES;
				CLANG_WARN__DUPLICATE_METHOD_MATCH = YES;
				"CODE_SIGN_IDENTITY[sdk=iphoneos*]" = "iPhone Developer";
				COPY_PHASE_STRIP = NO;
				ENABLE_STRICT_OBJC_MSGSEND = YES;
				GCC_C_LANGUAGE_STANDARD = gnu99;
				GCC_DYNAMIC_NO_PIC = NO;
				GCC_OPTIMIZATION_LEVEL = 0;
				GCC_PREPROCESSOR_DEFINITIONS = (
					"DEBUG=1",
					"$(inherited)",
				);
				GCC_SYMBOLS_PRIVATE_EXTERN = NO;
				GCC_WARN_64_TO_32_BIT_CONVERSION = YES;
				GCC_WARN_ABOUT_RETURN_TYPE = YES_ERROR;
				GCC_WARN_UNDECLARED_SELECTOR = YES;
				GCC_WARN_UNINITIALIZED_AUTOS = YES_AGGRESSIVE;
				GCC_WARN_UNUSED_FUNCTION = YES;
				GCC_WARN_UNUSED_VARIABLE = YES;
				IPHONEOS_DEPLOYMENT_TARGET = 8.1;
				MTL_ENABLE_DEBUG_INFO = YES;
				ONLY_ACTIVE_ARCH = YES;
				SDKROOT = iphoneos;
			};
			name = Debug;
		};
		23181FB51A13CDAB00FC5372 /* Release */ = {
			isa = XCBuildConfiguration;
			buildSettings = {
				ALWAYS_SEARCH_USER_PATHS = NO;
				CLANG_CXX_LANGUAGE_STANDARD = "gnu++0x";
				CLANG_CXX_LIBRARY = "libc++";
				CLANG_ENABLE_MODULES = YES;
				CLANG_ENABLE_OBJC_ARC = YES;
				CLANG_WARN_BOOL_CONVERSION = YES;
				CLANG_WARN_CONSTANT_CONVERSION = YES;
				CLANG_WARN_DIRECT_OBJC_ISA_USAGE = YES_ERROR;
				CLANG_WARN_EMPTY_BODY = YES;
				CLANG_WARN_ENUM_CONVERSION = YES;
				CLANG_WARN_INT_CONVERSION = YES;
				CLANG_WARN_OBJC_ROOT_CLASS = YES_ERROR;
				CLANG_WARN_UNREACHABLE_CODE = YES;
				CLANG_WARN__DUPLICATE_METHOD_MATCH = YES;
				"CODE_SIGN_IDENTITY[sdk=iphoneos*]" = "iPhone Developer";
				COPY_PHASE_STRIP = YES;
				ENABLE_NS_ASSERTIONS = NO;
				ENABLE_STRICT_OBJC_MSGSEND = YES;
				GCC_C_LANGUAGE_STANDARD = gnu99;
				GCC_WARN_64_TO_32_BIT_CONVERSION = YES;
				GCC_WARN_ABOUT_RETURN_TYPE = YES_ERROR;
				GCC_WARN_UNDECLARED_SELECTOR = YES;
				GCC_WARN_UNINITIALIZED_AUTOS = YES_AGGRESSIVE;
				GCC_WARN_UNUSED_FUNCTION = YES;
				GCC_WARN_UNUSED_VARIABLE = YES;
				IPHONEOS_DEPLOYMENT_TARGET = 8.1;
				MTL_ENABLE_DEBUG_INFO = NO;
				SDKROOT = iphoneos;
				VALIDATE_PRODUCT = YES;
			};
			name = Release;
		};
		23181FB71A13CDAB00FC5372 /* Debug */ = {
			isa = XCBuildConfiguration;
			buildSettings = {
				ASSETCATALOG_COMPILER_APPICON_NAME = AppIcon;
				FRAMEWORK_SEARCH_PATHS = (
					"$(inherited)",
					"/Users/rsgro/Downloads/Leanplum-1.2.17",
				);
				INFOPLIST_FILE = "Test App 3/Info.plist";
				LD_RUNPATH_SEARCH_PATHS = "$(inherited) @executable_path/Frameworks";
				LIBRARY_SEARCH_PATHS = (
					"$(inherited)",
					"$(PROJECT_DIR)",
				);
				PRODUCT_NAME = "$(TARGET_NAME)";
			};
			name = Debug;
		};
		23181FB81A13CDAB00FC5372 /* Release */ = {
			isa = XCBuildConfiguration;
			buildSettings = {
				ASSETCATALOG_COMPILER_APPICON_NAME = AppIcon;
				FRAMEWORK_SEARCH_PATHS = (
					"$(inherited)",
					"/Users/rsgro/Downloads/Leanplum-1.2.17",
				);
				INFOPLIST_FILE = "Test App 3/Info.plist";
				LD_RUNPATH_SEARCH_PATHS = "$(inherited) @executable_path/Frameworks";
				LIBRARY_SEARCH_PATHS = (
					"$(inherited)",
					"$(PROJECT_DIR)",
				);
				"OTHER_LDFLAGS[arch=*]" = (
					"-ObjC",
					"-fobjc-arc",
				);
				PRODUCT_NAME = "$(TARGET_NAME)";
			};
			name = Release;
		};
		23181FBA1A13CDAB00FC5372 /* Debug */ = {
			isa = XCBuildConfiguration;
			buildSettings = {
				BUNDLE_LOADER = "$(TEST_HOST)";
				FRAMEWORK_SEARCH_PATHS = (
					"$(SDKROOT)/Developer/Library/Frameworks",
					"$(inherited)",
				);
				GCC_PREPROCESSOR_DEFINITIONS = (
					"DEBUG=1",
					"$(inherited)",
				);
				INFOPLIST_FILE = "Test App 3Tests/Info.plist";
				LD_RUNPATH_SEARCH_PATHS = "$(inherited) @executable_path/Frameworks @loader_path/Frameworks";
				PRODUCT_NAME = "$(TARGET_NAME)";
				TEST_HOST = "$(BUILT_PRODUCTS_DIR)/Test App 3.app/Test App 3";
			};
			name = Debug;
		};
		23181FBB1A13CDAB00FC5372 /* Release */ = {
			isa = XCBuildConfiguration;
			buildSettings = {
				BUNDLE_LOADER = "$(TEST_HOST)";
				FRAMEWORK_SEARCH_PATHS = (
					"$(SDKROOT)/Developer/Library/Frameworks",
					"$(inherited)",
				);
				INFOPLIST_FILE = "Test App 3Tests/Info.plist";
				LD_RUNPATH_SEARCH_PATHS = "$(inherited) @executable_path/Frameworks @loader_path/Frameworks";
				PRODUCT_NAME = "$(TARGET_NAME)";
				TEST_HOST = "$(BUILT_PRODUCTS_DIR)/Test App 3.app/Test App 3";
			};
			name = Release;
		};
/* End XCBuildConfiguration section */

/* Begin XCConfigurationList section */
		23181F8E1A13CDAB00FC5372 /* Build configuration list for PBXProject "Test App 3" */ = {
			isa = XCConfigurationList;
			buildConfigurations = (
				23181FB41A13CDAB00FC5372 /* Debug */,
				23181FB51A13CDAB00FC5372 /* Release */,
			);
			defaultConfigurationIsVisible = 0;
			defaultConfigurationName = Release;
		};
		23181FB61A13CDAB00FC5372 /* Build configuration list for PBXNativeTarget "Test App 3" */ = {
			isa = XCConfigurationList;
			buildConfigurations = (
				23181FB71A13CDAB00FC5372 /* Debug */,
				23181FB81A13CDAB00FC5372 /* Release */,
			);
			defaultConfigurationIsVisible = 0;
		};
		23181FB91A13CDAB00FC5372 /* Build configuration list for PBXNativeTarget "Test App 3Tests" */ = {
			isa = XCConfigurationList;
			buildConfigurations = (
				23181FBA1A13CDAB00FC5372 /* Debug */,
				23181FBB1A13CDAB00FC5372 /* Release */,
			);
			defaultConfigurationIsVisible = 0;
		};
/* End XCConfigurationList section */
	};
	rootObject = 23181F8B1A13CDAB00FC5372 /* Project object */;
}
